
Microsoft Visual Studio Solution File, Format Version 12.00
# Visual Studio Version 17
VisualStudioVersion = 17.4.33103.184
MinimumVisualStudioVersion = 10.0.40219.1
Project("{FAE04EC0-301F-11D3-BF4B-00C04F79EFBC}") = "XorCipher", "XorCipher\XorCipher.csproj", "{DA28B6AC-4E7A-48B1-AB70-A03AB7635283}"
EndProject
Global
	GlobalSection(SolutionConfigurationPlatforms) = preSolution
		Debug|Any CPU = Debug|Any CPU
		Release|Any CPU = Release|Any CPU
	EndGlobalSection
	GlobalSection(ProjectConfigurationPlatforms) = postSolution
		{DA28B6AC-4E7A-48B1-AB70-A03AB7635283}.Debug|Any CPU.ActiveCfg = Debug|Any CPU
		{DA28B6AC-4E7A-48B1-AB70-A03AB7635283}.Debug|Any CPU.Build.0 = Debug|Any CPU
		{DA28B6AC-4E7A-48B1-AB70-A03AB7635283}.Release|Any CPU.ActiveCfg = Release|Any CPU
		{DA28B6AC-4E7A-48B1-AB70-A03AB7635283}.Release|Any CPU.Build.0 = Release|Any CPU
	EndGlobalSection
	GlobalSection(SolutionProperties) = preSolution
		HideSolutionNode = FALSE
	EndGlobalSection
	GlobalSection(ExtensibilityGlobals) = postSolution
		SolutionGuid = {DA753CDA-2107-4DF5-B5BF-5B129E4A3816}
	EndGlobalSection
EndGlobal
